
Microsoft Visual Studio Solution File, Format Version 12.00
# Visual Studio 15
VisualStudioVersion = 15.0.27130.2027
MinimumVisualStudioVersion = 10.0.40219.1
Project("{2150E333-8FDC-42A3-9474-1A3956D46DE8}") = "Engine", "Engine", "{EA4481D8-49AE-4693-98EE-54AB66F602E5}"
EndProject
Project("{2150E333-8FDC-42A3-9474-1A3956D46DE8}") = "Core", "Core", "{BB004C44-AD5D-484E-99DD-38C795BFB731}"
EndProject
Project("{2150E333-8FDC-42A3-9474-1A3956D46DE8}") = "Platform", "Platform", "{0BC977B3-08F9-46BA-A20D-0201EF61526F}"
EndProject
Project("{2150E333-8FDC-42A3-9474-1A3956D46DE8}") = "Modules", "Modules", "{C6AB8C12-C040-4128-B070-2F45E91FC49C}"
EndProject
Project("{2150E333-8FDC-42A3-9474-1A3956D46DE8}") = "Base", "Base", "{9703B999-EFB1-4E2A-A59E-C7AFBF960AFB}"
EndProject
Project("{2150E333-8FDC-42A3-9474-1A3956D46DE8}") = "RenderAPI_old", "RenderAPI_old", "{9A65449E-7564-4648-B983-073980482164}"
EndProject
Project("{8BC9CEB8-8B4A-11D0-8D11-00A0C91BC942}") = "Base", "Source\Base\Base\Base.vcxproj", "{84D3A49E-2AEF-4370-AA37-3D297A45FC91}"
EndProject
Project("{8BC9CEB8-8B4A-11D0-8D11-00A0C91BC942}") = "EngineCore", "Source\Core\EngineCore\EngineCore.vcxproj", "{79CD5EF1-C2FB-432B-A38E-3DB371C00C98}"
EndProject
Project("{8BC9CEB8-8B4A-11D0-8D11-00A0C91BC942}") = "Main", "Source\Main\Main.vcxproj", "{42E5187E-B1AF-40C1-AE0B-C0AD8164E170}"
EndProject
Project("{8BC9CEB8-8B4A-11D0-8D11-00A0C91BC942}") = "InputModule", "Source\Modules\InputModule\InputModule.vcxproj", "{B1F5FB14-F492-4490-A5E1-0ABEDF551C85}"
EndProject
Project("{8BC9CEB8-8B4A-11D0-8D11-00A0C91BC942}") = "CubeEngine", "Source\Engine\CubeEngine\CubeEngine.vcxproj", "{C1AFEC4D-784D-4DC0-BA24-40758A9C46DF}"
EndProject
Project("{8BC9CEB8-8B4A-11D0-8D11-00A0C91BC942}") = "Platform", "Source\Platform\Platform.vcxproj", "{22A0E1BE-E953-4D07-B5A3-B06A0256929B}"
EndProject
Project("{2150E333-8FDC-42A3-9474-1A3956D46DE8}") = "RenderAPI", "RenderAPI", "{C7EB2627-1E7A-408A-BBAF-D810D7000F04}"
EndProject
Project("{8BC9CEB8-8B4A-11D0-8D11-00A0C91BC942}") = "Test", "Source\Test\Test.vcxproj", "{B92210BA-118F-456F-99D5-3D995F87B377}"
EndProject
Project("{8BC9CEB8-8B4A-11D0-8D11-00A0C91BC942}") = "VulkanAPI", "Source\Core\RenderAPI_old\VulkanAPI\VulkanAPI.vcxproj", "{63E20E2B-991C-4F89-89BC-FEF4504A93FD}"
EndProject
Project("{8BC9CEB8-8B4A-11D0-8D11-00A0C91BC942}") = "VulkanAPI", "Source\Core\RenderAPI\VulkanAPI\VulkanAPI.vcxproj", "{7593D4E0-6BA6-40A9-BB66-628234D34E0F}"
EndProject
Project("{8BC9CEB8-8B4A-11D0-8D11-00A0C91BC942}") = "BaseRenderAPI", "Source\Core\RenderAPI_old\BaseRenderAPI\BaseRenderAPI.vcxproj", "{B11FFB66-DEB2-41AE-8B3C-1C9CFB2E2167}"
EndProject
Project("{8BC9CEB8-8B4A-11D0-8D11-00A0C91BC942}") = "RenderAPI", "Source\Core\RenderAPI\RenderAPI\RenderAPI.vcxproj", "{037B8862-0D26-4300-9A0F-64EB573998B2}"
EndProject
Global
	GlobalSection(SolutionConfigurationPlatforms) = preSolution
		Debug|x64 = Debug|x64
		Debug|x86 = Debug|x86
		Release|x64 = Release|x64
		Release|x86 = Release|x86
	EndGlobalSection
	GlobalSection(ProjectConfigurationPlatforms) = postSolution
		{84D3A49E-2AEF-4370-AA37-3D297A45FC91}.Debug|x64.ActiveCfg = Debug|x64
		{84D3A49E-2AEF-4370-AA37-3D297A45FC91}.Debug|x64.Build.0 = Debug|x64
		{84D3A49E-2AEF-4370-AA37-3D297A45FC91}.Debug|x86.ActiveCfg = Debug|Win32
		{84D3A49E-2AEF-4370-AA37-3D297A45FC91}.Debug|x86.Build.0 = Debug|Win32
		{84D3A49E-2AEF-4370-AA37-3D297A45FC91}.Release|x64.ActiveCfg = Release|x64
		{84D3A49E-2AEF-4370-AA37-3D297A45FC91}.Release|x64.Build.0 = Release|x64
		{84D3A49E-2AEF-4370-AA37-3D297A45FC91}.Release|x86.ActiveCfg = Release|Win32
		{84D3A49E-2AEF-4370-AA37-3D297A45FC91}.Release|x86.Build.0 = Release|Win32
		{79CD5EF1-C2FB-432B-A38E-3DB371C00C98}.Debug|x64.ActiveCfg = Debug|x64
		{79CD5EF1-C2FB-432B-A38E-3DB371C00C98}.Debug|x64.Build.0 = Debug|x64
		{79CD5EF1-C2FB-432B-A38E-3DB371C00C98}.Debug|x86.ActiveCfg = Debug|Win32
		{79CD5EF1-C2FB-432B-A38E-3DB371C00C98}.Debug|x86.Build.0 = Debug|Win32
		{79CD5EF1-C2FB-432B-A38E-3DB371C00C98}.Release|x64.ActiveCfg = Release|x64
		{79CD5EF1-C2FB-432B-A38E-3DB371C00C98}.Release|x64.Build.0 = Release|x64
		{79CD5EF1-C2FB-432B-A38E-3DB371C00C98}.Release|x86.ActiveCfg = Release|Win32
		{79CD5EF1-C2FB-432B-A38E-3DB371C00C98}.Release|x86.Build.0 = Release|Win32
		{42E5187E-B1AF-40C1-AE0B-C0AD8164E170}.Debug|x64.ActiveCfg = Debug|x64
		{42E5187E-B1AF-40C1-AE0B-C0AD8164E170}.Debug|x64.Build.0 = Debug|x64
		{42E5187E-B1AF-40C1-AE0B-C0AD8164E170}.Debug|x86.ActiveCfg = Debug|Win32
		{42E5187E-B1AF-40C1-AE0B-C0AD8164E170}.Debug|x86.Build.0 = Debug|Win32
		{42E5187E-B1AF-40C1-AE0B-C0AD8164E170}.Release|x64.ActiveCfg = Release|x64
		{42E5187E-B1AF-40C1-AE0B-C0AD8164E170}.Release|x64.Build.0 = Release|x64
		{42E5187E-B1AF-40C1-AE0B-C0AD8164E170}.Release|x86.ActiveCfg = Release|Win32
		{42E5187E-B1AF-40C1-AE0B-C0AD8164E170}.Release|x86.Build.0 = Release|Win32
		{B1F5FB14-F492-4490-A5E1-0ABEDF551C85}.Debug|x64.ActiveCfg = Debug|x64
		{B1F5FB14-F492-4490-A5E1-0ABEDF551C85}.Debug|x64.Build.0 = Debug|x64
		{B1F5FB14-F492-4490-A5E1-0ABEDF551C85}.Debug|x86.ActiveCfg = Debug|Win32
		{B1F5FB14-F492-4490-A5E1-0ABEDF551C85}.Debug|x86.Build.0 = Debug|Win32
		{B1F5FB14-F492-4490-A5E1-0ABEDF551C85}.Release|x64.ActiveCfg = Release|x64
		{B1F5FB14-F492-4490-A5E1-0ABEDF551C85}.Release|x64.Build.0 = Release|x64
		{B1F5FB14-F492-4490-A5E1-0ABEDF551C85}.Release|x86.ActiveCfg = Release|Win32
		{B1F5FB14-F492-4490-A5E1-0ABEDF551C85}.Release|x86.Build.0 = Release|Win32
		{C1AFEC4D-784D-4DC0-BA24-40758A9C46DF}.Debug|x64.ActiveCfg = Debug|x64
		{C1AFEC4D-784D-4DC0-BA24-40758A9C46DF}.Debug|x64.Build.0 = Debug|x64
		{C1AFEC4D-784D-4DC0-BA24-40758A9C46DF}.Debug|x86.ActiveCfg = Debug|Win32
		{C1AFEC4D-784D-4DC0-BA24-40758A9C46DF}.Debug|x86.Build.0 = Debug|Win32
		{C1AFEC4D-784D-4DC0-BA24-40758A9C46DF}.Release|x64.ActiveCfg = Release|x64
		{C1AFEC4D-784D-4DC0-BA24-40758A9C46DF}.Release|x64.Build.0 = Release|x64
		{C1AFEC4D-784D-4DC0-BA24-40758A9C46DF}.Release|x86.ActiveCfg = Release|Win32
		{C1AFEC4D-784D-4DC0-BA24-40758A9C46DF}.Release|x86.Build.0 = Release|Win32
		{22A0E1BE-E953-4D07-B5A3-B06A0256929B}.Debug|x64.ActiveCfg = Debug|x64
		{22A0E1BE-E953-4D07-B5A3-B06A0256929B}.Debug|x64.Build.0 = Debug|x64
		{22A0E1BE-E953-4D07-B5A3-B06A0256929B}.Debug|x86.ActiveCfg = Debug|Win32
		{22A0E1BE-E953-4D07-B5A3-B06A0256929B}.Debug|x86.Build.0 = Debug|Win32
		{22A0E1BE-E953-4D07-B5A3-B06A0256929B}.Release|x64.ActiveCfg = Release|x64
		{22A0E1BE-E953-4D07-B5A3-B06A0256929B}.Release|x64.Build.0 = Release|x64
		{22A0E1BE-E953-4D07-B5A3-B06A0256929B}.Release|x86.ActiveCfg = Release|Win32
		{22A0E1BE-E953-4D07-B5A3-B06A0256929B}.Release|x86.Build.0 = Release|Win32
		{B92210BA-118F-456F-99D5-3D995F87B377}.Debug|x64.ActiveCfg = Debug|x64
		{B92210BA-118F-456F-99D5-3D995F87B377}.Debug|x64.Build.0 = Debug|x64
		{B92210BA-118F-456F-99D5-3D995F87B377}.Debug|x86.ActiveCfg = Debug|Win32
		{B92210BA-118F-456F-99D5-3D995F87B377}.Debug|x86.Build.0 = Debug|Win32
		{B92210BA-118F-456F-99D5-3D995F87B377}.Release|x64.ActiveCfg = Release|x64
		{B92210BA-118F-456F-99D5-3D995F87B377}.Release|x64.Build.0 = Release|x64
		{B92210BA-118F-456F-99D5-3D995F87B377}.Release|x86.ActiveCfg = Release|Win32
		{B92210BA-118F-456F-99D5-3D995F87B377}.Release|x86.Build.0 = Release|Win32
		{63E20E2B-991C-4F89-89BC-FEF4504A93FD}.Debug|x64.ActiveCfg = Debug|x64
		{63E20E2B-991C-4F89-89BC-FEF4504A93FD}.Debug|x64.Build.0 = Debug|x64
		{63E20E2B-991C-4F89-89BC-FEF4504A93FD}.Debug|x86.ActiveCfg = Debug|Win32
		{63E20E2B-991C-4F89-89BC-FEF4504A93FD}.Debug|x86.Build.0 = Debug|Win32
		{63E20E2B-991C-4F89-89BC-FEF4504A93FD}.Release|x64.ActiveCfg = Release|x64
		{63E20E2B-991C-4F89-89BC-FEF4504A93FD}.Release|x64.Build.0 = Release|x64
		{63E20E2B-991C-4F89-89BC-FEF4504A93FD}.Release|x86.ActiveCfg = Release|Win32
		{63E20E2B-991C-4F89-89BC-FEF4504A93FD}.Release|x86.Build.0 = Release|Win32
		{7593D4E0-6BA6-40A9-BB66-628234D34E0F}.Debug|x64.ActiveCfg = Debug|x64
		{7593D4E0-6BA6-40A9-BB66-628234D34E0F}.Debug|x64.Build.0 = Debug|x64
		{7593D4E0-6BA6-40A9-BB66-628234D34E0F}.Debug|x86.ActiveCfg = Debug|Win32
		{7593D4E0-6BA6-40A9-BB66-628234D34E0F}.Debug|x86.Build.0 = Debug|Win32
		{7593D4E0-6BA6-40A9-BB66-628234D34E0F}.Release|x64.ActiveCfg = Release|x64
		{7593D4E0-6BA6-40A9-BB66-628234D34E0F}.Release|x64.Build.0 = Release|x64
		{7593D4E0-6BA6-40A9-BB66-628234D34E0F}.Release|x86.ActiveCfg = Release|Win32
		{7593D4E0-6BA6-40A9-BB66-628234D34E0F}.Release|x86.Build.0 = Release|Win32
		{B11FFB66-DEB2-41AE-8B3C-1C9CFB2E2167}.Debug|x64.ActiveCfg = Debug|x64
		{B11FFB66-DEB2-41AE-8B3C-1C9CFB2E2167}.Debug|x64.Build.0 = Debug|x64
		{B11FFB66-DEB2-41AE-8B3C-1C9CFB2E2167}.Debug|x86.ActiveCfg = Debug|Win32
		{B11FFB66-DEB2-41AE-8B3C-1C9CFB2E2167}.Debug|x86.Build.0 = Debug|Win32
		{B11FFB66-DEB2-41AE-8B3C-1C9CFB2E2167}.Release|x64.ActiveCfg = Release|x64
		{B11FFB66-DEB2-41AE-8B3C-1C9CFB2E2167}.Release|x64.Build.0 = Release|x64
		{B11FFB66-DEB2-41AE-8B3C-1C9CFB2E2167}.Release|x86.ActiveCfg = Release|Win32
		{B11FFB66-DEB2-41AE-8B3C-1C9CFB2E2167}.Release|x86.Build.0 = Release|Win32
		{037B8862-0D26-4300-9A0F-64EB573998B2}.Debug|x64.ActiveCfg = Debug|x64
		{037B8862-0D26-4300-9A0F-64EB573998B2}.Debug|x64.Build.0 = Debug|x64
		{037B8862-0D26-4300-9A0F-64EB573998B2}.Debug|x86.ActiveCfg = Debug|Win32
		{037B8862-0D26-4300-9A0F-64EB573998B2}.Debug|x86.Build.0 = Debug|Win32
		{037B8862-0D26-4300-9A0F-64EB573998B2}.Release|x64.ActiveCfg = Release|x64
		{037B8862-0D26-4300-9A0F-64EB573998B2}.Release|x64.Build.0 = Release|x64
		{037B8862-0D26-4300-9A0F-64EB573998B2}.Release|x86.ActiveCfg = Release|Win32
		{037B8862-0D26-4300-9A0F-64EB573998B2}.Release|x86.Build.0 = Release|Win32
	EndGlobalSection
	GlobalSection(SolutionProperties) = preSolution
		HideSolutionNode = FALSE
	EndGlobalSection
	GlobalSection(NestedProjects) = preSolution
		{9A65449E-7564-4648-B983-073980482164} = {BB004C44-AD5D-484E-99DD-38C795BFB731}
		{84D3A49E-2AEF-4370-AA37-3D297A45FC91} = {9703B999-EFB1-4E2A-A59E-C7AFBF960AFB}
		{79CD5EF1-C2FB-432B-A38E-3DB371C00C98} = {BB004C44-AD5D-484E-99DD-38C795BFB731}
		{B1F5FB14-F492-4490-A5E1-0ABEDF551C85} = {C6AB8C12-C040-4128-B070-2F45E91FC49C}
		{C1AFEC4D-784D-4DC0-BA24-40758A9C46DF} = {EA4481D8-49AE-4693-98EE-54AB66F602E5}
		{22A0E1BE-E953-4D07-B5A3-B06A0256929B} = {0BC977B3-08F9-46BA-A20D-0201EF61526F}
		{C7EB2627-1E7A-408A-BBAF-D810D7000F04} = {BB004C44-AD5D-484E-99DD-38C795BFB731}
		{63E20E2B-991C-4F89-89BC-FEF4504A93FD} = {9A65449E-7564-4648-B983-073980482164}
		{7593D4E0-6BA6-40A9-BB66-628234D34E0F} = {C7EB2627-1E7A-408A-BBAF-D810D7000F04}
		{B11FFB66-DEB2-41AE-8B3C-1C9CFB2E2167} = {9A65449E-7564-4648-B983-073980482164}
		{037B8862-0D26-4300-9A0F-64EB573998B2} = {C7EB2627-1E7A-408A-BBAF-D810D7000F04}
	EndGlobalSection
	GlobalSection(ExtensibilityGlobals) = postSolution
		SolutionGuid = {26EAC609-C815-42AB-B034-3FFB64477B7C}
	EndGlobalSection
EndGlobal
