<?xml version="1.0" encoding="utf-8"?>
<Project ToolsVersion="4.0" xmlns="http://schemas.microsoft.com/developer/msbuild/2003">
  <ItemGroup>
    <ClCompile Include="Win32\Win32Platform.cpp">
      <Filter>Win32</Filter>
    </ClCompile>
    <ClCompile Include="Win32\Win32DLib.cpp">
      <Filter>Win32</Filter>
    </ClCompile>
    <ClCompile Include="Win32\Win32FileSystem.cpp">
      <Filter>Win32</Filter>
    </ClCompile>
    <ClCompile Include="Win32\Win32String.cpp">
      <Filter>Win32</Filter>
    </ClCompile>
    <ClCompile Include="Win32\Win32DebugUtility.cpp">
      <Filter>Win32</Filter>
    </ClCompile>
    <ClCompile Include="Win32\Win32Path.cpp">
      <Filter>Win32</Filter>
    </ClCompile>
    <ClCompile Include="PlatformAssertion.cpp" />
  </ItemGroup>
  <ItemGroup>
    <ClInclude Include="Platform.h" />
    <ClInclude Include="FileSystem.h" />
    <ClInclude Include="DLib.h" />
    <ClInclude Include="Win32\Win32Platform.h">
      <Filter>Win32</Filter>
    </ClInclude>
    <ClInclude Include="Win32\Win32DLib.h">
      <Filter>Win32</Filter>
    </ClInclude>
    <ClInclude Include="Win32\Win32FileSystem.h">
      <Filter>Win32</Filter>
    </ClInclude>
    <ClInclude Include="PlatformHeader.h" />
    <ClInclude Include="PlatformString.h" />
    <ClInclude Include="PlatformDebugUtility.h" />
    <ClInclude Include="Win32\Win32DebugUtility.h">
      <Filter>Win32</Filter>
    </ClInclude>
    <ClInclude Include="Path.h" />
    <ClInclude Include="PlatformAssertion.h" />
  </ItemGroup>
  <ItemGroup>
    <Filter Include="Win32">
      <UniqueIdentifier>{1754f891-d0c6-4265-8540-953e18c6de9b}</UniqueIdentifier>
    </Filter>
  </ItemGroup>
</Project>