<?xml version="1.0" encoding="utf-8"?>
<Project ToolsVersion="4.0" xmlns="http://schemas.microsoft.com/developer/msbuild/2003">
  <ItemGroup>
    <ClCompile Include="a.cpp" />
    <ClCompile Include="Utilities\DebugStringHeap.cpp">
      <Filter>Utilities</Filter>
    </ClCompile>
  </ItemGroup>
  <ItemGroup>
    <Filter Include="Interface">
      <UniqueIdentifier>{33d3a159-4372-4bf3-84e6-b5f2be552329}</UniqueIdentifier>
    </Filter>
    <Filter Include="Utilities">
      <UniqueIdentifier>{a67a5fc8-bacd-494e-aed9-818be6e5d861}</UniqueIdentifier>
    </Filter>
  </ItemGroup>
  <ItemGroup>
    <ClInclude Include="Interface\Device.h">
      <Filter>Interface</Filter>
    </ClInclude>
    <ClInclude Include="Interface\Buffer.h">
      <Filter>Interface</Filter>
    </ClInclude>
    <ClInclude Include="Interface\BufferView.h">
      <Filter>Interface</Filter>
    </ClInclude>
    <ClInclude Include="Interface\Fence.h">
      <Filter>Interface</Filter>
    </ClInclude>
    <ClInclude Include="Interface\Sampler.h">
      <Filter>Interface</Filter>
    </ClInclude>
    <ClInclude Include="Interface\Shader.h">
      <Filter>Interface</Filter>
    </ClInclude>
    <ClInclude Include="Interface\Texture.h">
      <Filter>Interface</Filter>
    </ClInclude>
    <ClInclude Include="Interface\TextureView.h">
      <Filter>Interface</Filter>
    </ClInclude>
    <ClInclude Include="Interface\SwapChain.h">
      <Filter>Interface</Filter>
    </ClInclude>
    <ClInclude Include="Interface\GraphicsPipelineState.h">
      <Filter>Interface</Filter>
    </ClInclude>
    <ClInclude Include="RenderAPIHeader.h" />
    <ClInclude Include="RenderAPI.h" />
    <ClInclude Include="Interface\CommandList.h">
      <Filter>Interface</Filter>
    </ClInclude>
    <ClInclude Include="Interface\RenderTypes.h">
      <Filter>Interface</Filter>
    </ClInclude>
    <ClInclude Include="Interface\RenderPass.h">
      <Filter>Interface</Filter>
    </ClInclude>
    <ClInclude Include="Interface\RenderTarget.h">
      <Filter>Interface</Filter>
    </ClInclude>
    <ClInclude Include="Interface\ShaderParameters.h">
      <Filter>Interface</Filter>
    </ClInclude>
    <ClInclude Include="Interface\ShaderParametersLayout.h">
      <Filter>Interface</Filter>
    </ClInclude>
    <ClInclude Include="Utilities\VariableSizeMemoryPage.h">
      <Filter>Utilities</Filter>
    </ClInclude>
    <ClInclude Include="Interface\ComputePipelineState.h">
      <Filter>Interface</Filter>
    </ClInclude>
    <ClInclude Include="Utilities\BaseRenderObject.h">
      <Filter>Utilities</Filter>
    </ClInclude>
    <ClInclude Include="Utilities\DebugStringHeap.h">
      <Filter>Utilities</Filter>
    </ClInclude>
  </ItemGroup>
</Project>