<?xml version="1.0" encoding="utf-8"?>
<Project ToolsVersion="4.0" xmlns="http://schemas.microsoft.com/developer/msbuild/2003">
  <ItemGroup>
    <ClCompile Include="CubeEngine.cpp" />
    <ClCompile Include="Component\MoveComponent.cpp">
      <Filter>Component</Filter>
    </ClCompile>
    <ClCompile Include="Component\CameraComponent.cpp">
      <Filter>Component</Filter>
    </ClCompile>
    <ClCompile Include="Component\Renderer3DComponent.cpp">
      <Filter>Component</Filter>
    </ClCompile>
    <ClCompile Include="Component\DirectionalLightComponent.cpp">
      <Filter>Component</Filter>
    </ClCompile>
    <ClCompile Include="Component\PointLightComponent.cpp">
      <Filter>Component</Filter>
    </ClCompile>
    <ClCompile Include="ResourceImporter\ShaderImporter.cpp">
      <Filter>ResourceImporter</Filter>
    </ClCompile>
    <ClCompile Include="ResourceImporter\TextureImporter.cpp">
      <Filter>ResourceImporter</Filter>
    </ClCompile>
    <ClCompile Include="ResourceImporter\ObjImporter.cpp">
      <Filter>ResourceImporter</Filter>
    </ClCompile>
  </ItemGroup>
  <ItemGroup>
    <ClInclude Include="CubeEngine.h" />
    <ClInclude Include="CubeEngineHeader.h" />
    <ClInclude Include="Component\MoveComponent.h">
      <Filter>Component</Filter>
    </ClInclude>
    <ClInclude Include="Component\CameraComponent.h">
      <Filter>Component</Filter>
    </ClInclude>
    <ClInclude Include="Component\Renderer3DComponent.h">
      <Filter>Component</Filter>
    </ClInclude>
    <ClInclude Include="Component\DirectionalLightComponent.h">
      <Filter>Component</Filter>
    </ClInclude>
    <ClInclude Include="Component\PointLightComponent.h">
      <Filter>Component</Filter>
    </ClInclude>
    <ClInclude Include="ResourceImporter\ShaderImporter.h">
      <Filter>ResourceImporter</Filter>
    </ClInclude>
    <ClInclude Include="ResourceImporter\TextureImporter.h">
      <Filter>ResourceImporter</Filter>
    </ClInclude>
    <ClInclude Include="ResourceImporter\ObjImporter.h">
      <Filter>ResourceImporter</Filter>
    </ClInclude>
  </ItemGroup>
  <ItemGroup>
    <Filter Include="Component">
      <UniqueIdentifier>{52166d0e-e4a1-423c-ba03-d42b5d5d643d}</UniqueIdentifier>
    </Filter>
    <Filter Include="ResourceImporter">
      <UniqueIdentifier>{d5ee238c-f44b-4436-8141-0b4b80949ef8}</UniqueIdentifier>
    </Filter>
  </ItemGroup>
</Project>