<?xml version="1.0" encoding="utf-8"?>
<Project ToolsVersion="4.0" xmlns="http://schemas.microsoft.com/developer/msbuild/2003">
  <ItemGroup>
    <ClInclude Include="InputModuleHeader.h" />
    <ClInclude Include="InputModule.h" />
    <ClInclude Include="KeyboardMouseInput.h" />
    <ClInclude Include="XboxControllerInput.h" />
  </ItemGroup>
  <ItemGroup>
    <ClCompile Include="InputModule.cpp" />
    <ClCompile Include="KeyboardMouseInput.cpp" />
    <ClCompile Include="XboxControllerInput.cpp" />
  </ItemGroup>
</Project>