<?xml version="1.0" encoding="utf-8"?>
<Project ToolsVersion="4.0" xmlns="http://schemas.microsoft.com/developer/msbuild/2003">
  <ItemGroup>
    <ClInclude Include="BaseRenderAPI.h" />
    <ClInclude Include="BaseRenderAPIHeader.h" />
    <ClInclude Include="BaseRenderUtility.h" />
    <ClInclude Include="Wrapper\BaseRenderBuffer.h">
      <Filter>Wrapper</Filter>
    </ClInclude>
    <ClInclude Include="Wrapper\BaseRenderCommandBuffer.h">
      <Filter>Wrapper</Filter>
    </ClInclude>
    <ClInclude Include="Wrapper\BaseRenderDescriptor.h">
      <Filter>Wrapper</Filter>
    </ClInclude>
    <ClInclude Include="Wrapper\BaseRenderFence.h">
      <Filter>Wrapper</Filter>
    </ClInclude>
    <ClInclude Include="Wrapper\BaseRenderFramebuffer.h">
      <Filter>Wrapper</Filter>
    </ClInclude>
    <ClInclude Include="Wrapper\BaseRenderGraphicsPipeline.h">
      <Filter>Wrapper</Filter>
    </ClInclude>
    <ClInclude Include="Wrapper\BaseRenderImage.h">
      <Filter>Wrapper</Filter>
    </ClInclude>
    <ClInclude Include="Wrapper\BaseRenderQueue.h">
      <Filter>Wrapper</Filter>
    </ClInclude>
    <ClInclude Include="Wrapper\BaseRenderRenderPass.h">
      <Filter>Wrapper</Filter>
    </ClInclude>
    <ClInclude Include="Wrapper\BaseRenderSemaphore.h">
      <Filter>Wrapper</Filter>
    </ClInclude>
    <ClInclude Include="Wrapper\BaseRenderShader.h">
      <Filter>Wrapper</Filter>
    </ClInclude>
    <ClInclude Include="Wrapper\BaseRenderSwapchain.h">
      <Filter>Wrapper</Filter>
    </ClInclude>
    <ClInclude Include="Wrapper\BaseRenderWindowSurface.h">
      <Filter>Wrapper</Filter>
    </ClInclude>
  </ItemGroup>
  <ItemGroup>
    <ClCompile Include="BaseRenderAPI.cpp" />
    <ClCompile Include="Wrapper\BaseRenderBuffer.cpp">
      <Filter>Wrapper</Filter>
    </ClCompile>
  </ItemGroup>
  <ItemGroup>
    <Filter Include="Wrapper">
      <UniqueIdentifier>{b9246a46-6c1b-4636-836d-ce45b1b723de}</UniqueIdentifier>
    </Filter>
  </ItemGroup>
</Project>